// !$*UTF8*$!
{
	archiveVersion = 1;
	classes = {
	};
	objectVersion = 48;
	objects = {

/* Begin PBXBuildFile section */
		652E0C2720255F6000F0D8CE /* AppDelegate.swift in Sources */ = {isa = PBXBuildFile; fileRef = 652E0C2620255F6000F0D8CE /* AppDelegate.swift */; };
		652E0C2920255F6000F0D8CE /* ViewController.swift in Sources */ = {isa = PBXBuildFile; fileRef = 652E0C2820255F6000F0D8CE /* ViewController.swift */; };
		652E0C2C20255F6100F0D8CE /* Main.storyboard in Resources */ = {isa = PBXBuildFile; fileRef = 652E0C2A20255F6100F0D8CE /* Main.storyboard */; };
		652E0C2E20255F6100F0D8CE /* Assets.xcassets in Resources */ = {isa = PBXBuildFile; fileRef = 652E0C2D20255F6100F0D8CE /* Assets.xcassets */; };
		652E0C3120255F6100F0D8CE /* LaunchScreen.storyboard in Resources */ = {isa = PBXBuildFile; fileRef = 652E0C2F20255F6100F0D8CE /* LaunchScreen.storyboard */; };
		652E0C3C20255F6100F0D8CE /* FoodTrackerTests.swift in Sources */ = {isa = PBXBuildFile; fileRef = 652E0C3B20255F6100F0D8CE /* FoodTrackerTests.swift */; };
		652E0C49202598A700F0D8CE /* RatingControl.swift in Sources */ = {isa = PBXBuildFile; fileRef = 652E0C48202598A700F0D8CE /* RatingControl.swift */; };
		652E0C4B2025AB7E00F0D8CE /* Meal.swift in Sources */ = {isa = PBXBuildFile; fileRef = 652E0C4A2025AB7E00F0D8CE /* Meal.swift */; };
		652E0C4D2025AC7C00F0D8CE /* MealTests.swift in Sources */ = {isa = PBXBuildFile; fileRef = 652E0C4C2025AC7C00F0D8CE /* MealTests.swift */; };
/* End PBXBuildFile section */

/* Begin PBXContainerItemProxy section */
		652E0C3820255F6100F0D8CE /* PBXContainerItemProxy */ = {
			isa = PBXContainerItemProxy;
			containerPortal = 652E0C1B20255F6000F0D8CE /* Project object */;
			proxyType = 1;
			remoteGlobalIDString = 652E0C2220255F6000F0D8CE;
			remoteInfo = FoodTracker;
		};
/* End PBXContainerItemProxy section */

/* Begin PBXFileReference section */
		652E0C2320255F6000F0D8CE /* FoodTracker.app */ = {isa = PBXFileReference; explicitFileType = wrapper.application; includeInIndex = 0; path = FoodTracker.app; sourceTree = BUILT_PRODUCTS_DIR; };
		652E0C2620255F6000F0D8CE /* AppDelegate.swift */ = {isa = PBXFileReference; lastKnownFileType = sourcecode.swift; path = AppDelegate.swift; sourceTree = "<group>"; };
		652E0C2820255F6000F0D8CE /* ViewController.swift */ = {isa = PBXFileReference; lastKnownFileType = sourcecode.swift; path = ViewController.swift; sourceTree = "<group>"; };
		652E0C2B20255F6100F0D8CE /* Base */ = {isa = PBXFileReference; lastKnownFileType = file.storyboard; name = Base; path = Base.lproj/Main.storyboard; sourceTree = "<group>"; };
		652E0C2D20255F6100F0D8CE /* Assets.xcassets */ = {isa = PBXFileReference; lastKnownFileType = folder.assetcatalog; path = Assets.xcassets; sourceTree = "<group>"; };
		652E0C3020255F6100F0D8CE /* Base */ = {isa = PBXFileReference; lastKnownFileType = file.storyboard; name = Base; path = Base.lproj/LaunchScreen.storyboard; sourceTree = "<group>"; };
		652E0C3220255F6100F0D8CE /* Info.plist */ = {isa = PBXFileReference; lastKnownFileType = text.plist.xml; path = Info.plist; sourceTree = "<group>"; };
		652E0C3720255F6100F0D8CE /* FoodTrackerTests.xctest */ = {isa = PBXFileReference; explicitFileType = wrapper.cfbundle; includeInIndex = 0; path = FoodTrackerTests.xctest; sourceTree = BUILT_PRODUCTS_DIR; };
		652E0C3B20255F6100F0D8CE /* FoodTrackerTests.swift */ = {isa = PBXFileReference; lastKnownFileType = sourcecode.swift; path = FoodTrackerTests.swift; sourceTree = "<group>"; };
		652E0C3D20255F6100F0D8CE /* Info.plist */ = {isa = PBXFileReference; lastKnownFileType = text.plist.xml; path = Info.plist; sourceTree = "<group>"; };
		652E0C48202598A700F0D8CE /* RatingControl.swift */ = {isa = PBXFileReference; lastKnownFileType = sourcecode.swift; path = RatingControl.swift; sourceTree = "<group>"; };
		652E0C4A2025AB7E00F0D8CE /* Meal.swift */ = {isa = PBXFileReference; lastKnownFileType = sourcecode.swift; path = Meal.swift; sourceTree = "<group>"; };
		652E0C4C2025AC7C00F0D8CE /* MealTests.swift */ = {isa = PBXFileReference; lastKnownFileType = sourcecode.swift; path = MealTests.swift; sourceTree = "<group>"; };
/* End PBXFileReference section */

/* Begin PBXFrameworksBuildPhase section */
		652E0C2020255F6000F0D8CE /* Frameworks */ = {
			isa = PBXFrameworksBuildPhase;
			buildActionMask = 2147483647;
			files = (
			);
			runOnlyForDeploymentPostprocessing = 0;
		};
		652E0C3420255F6100F0D8CE /* Frameworks */ = {
			isa = PBXFrameworksBuildPhase;
			buildActionMask = 2147483647;
			files = (
			);
			runOnlyForDeploymentPostprocessing = 0;
		};
/* End PBXFrameworksBuildPhase section */

/* Begin PBXGroup section */
		652E0C1A20255F6000F0D8CE = {
			isa = PBXGroup;
			children = (
				652E0C2520255F6000F0D8CE /* FoodTracker */,
				652E0C3A20255F6100F0D8CE /* FoodTrackerTests */,
				652E0C2420255F6000F0D8CE /* Products */,
			);
			sourceTree = "<group>";
		};
		652E0C2420255F6000F0D8CE /* Products */ = {
			isa = PBXGroup;
			children = (
				652E0C2320255F6000F0D8CE /* FoodTracker.app */,
				652E0C3720255F6100F0D8CE /* FoodTrackerTests.xctest */,
			);
			name = Products;
			sourceTree = "<group>";
		};
		652E0C2520255F6000F0D8CE /* FoodTracker */ = {
			isa = PBXGroup;
			children = (
				652E0C2620255F6000F0D8CE /* AppDelegate.swift */,
				652E0C2D20255F6100F0D8CE /* Assets.xcassets */,
				652E0C3220255F6100F0D8CE /* Info.plist */,
				652E0C2F20255F6100F0D8CE /* LaunchScreen.storyboard */,
				652E0C2A20255F6100F0D8CE /* Main.storyboard */,
				652E0C4A2025AB7E00F0D8CE /* Meal.swift */,
				652E0C48202598A700F0D8CE /* RatingControl.swift */,
				652E0C2820255F6000F0D8CE /* ViewController.swift */,
			);
			path = FoodTracker;
			sourceTree = "<group>";
		};
		652E0C3A20255F6100F0D8CE /* FoodTrackerTests */ = {
			isa = PBXGroup;
			children = (
				652E0C3B20255F6100F0D8CE /* FoodTrackerTests.swift */,
				652E0C3D20255F6100F0D8CE /* Info.plist */,
				652E0C4C2025AC7C00F0D8CE /* MealTests.swift */,
			);
			path = FoodTrackerTests;
			sourceTree = "<group>";
		};
/* End PBXGroup section */

/* Begin PBXNativeTarget section */
		652E0C2220255F6000F0D8CE /* FoodTracker */ = {
			isa = PBXNativeTarget;
			buildConfigurationList = 652E0C4020255F6100F0D8CE /* Build configuration list for PBXNativeTarget "FoodTracker" */;
			buildPhases = (
				652E0C1F20255F6000F0D8CE /* Sources */,
				652E0C2020255F6000F0D8CE /* Frameworks */,
				652E0C2120255F6000F0D8CE /* Resources */,
			);
			buildRules = (
			);
			dependencies = (
			);
			name = FoodTracker;
			productName = FoodTracker;
			productReference = 652E0C2320255F6000F0D8CE /* FoodTracker.app */;
			productType = "com.apple.product-type.application";
		};
		652E0C3620255F6100F0D8CE /* FoodTrackerTests */ = {
			isa = PBXNativeTarget;
			buildConfigurationList = 652E0C4320255F6100F0D8CE /* Build configuration list for PBXNativeTarget "FoodTrackerTests" */;
			buildPhases = (
				652E0C3320255F6100F0D8CE /* Sources */,
				652E0C3420255F6100F0D8CE /* Frameworks */,
				652E0C3520255F6100F0D8CE /* Resources */,
			);
			buildRules = (
			);
			dependencies = (
				652E0C3920255F6100F0D8CE /* PBXTargetDependency */,
			);
			name = FoodTrackerTests;
			productName = FoodTrackerTests;
			productReference = 652E0C3720255F6100F0D8CE /* FoodTrackerTests.xctest */;
			productType = "com.apple.product-type.bundle.unit-test";
		};
/* End PBXNativeTarget section */

/* Begin PBXProject section */
		652E0C1B20255F6000F0D8CE /* Project object */ = {
			isa = PBXProject;
			attributes = {
				LastSwiftUpdateCheck = 0920;
				LastUpgradeCheck = 0920;
				ORGANIZATIONNAME = "Wasith Theerapattrathamrong";
				TargetAttributes = {
					652E0C2220255F6000F0D8CE = {
						CreatedOnToolsVersion = 9.2;
						ProvisioningStyle = Automatic;
					};
					652E0C3620255F6100F0D8CE = {
						CreatedOnToolsVersion = 9.2;
						ProvisioningStyle = Automatic;
						TestTargetID = 652E0C2220255F6000F0D8CE;
					};
				};
			};
			buildConfigurationList = 652E0C1E20255F6000F0D8CE /* Build configuration list for PBXProject "FoodTracker" */;
			compatibilityVersion = "Xcode 8.0";
			developmentRegion = en;
			hasScannedForEncodings = 0;
			knownRegions = (
				en,
				Base,
			);
			mainGroup = 652E0C1A20255F6000F0D8CE;
			productRefGroup = 652E0C2420255F6000F0D8CE /* Products */;
			projectDirPath = "";
			projectRoot = "";
			targets = (
				652E0C2220255F6000F0D8CE /* FoodTracker */,
				652E0C3620255F6100F0D8CE /* FoodTrackerTests */,
			);
		};
/* End PBXProject section */

/* Begin PBXResourcesBuildPhase section */
		652E0C2120255F6000F0D8CE /* Resources */ = {
			isa = PBXResourcesBuildPhase;
			buildActionMask = 2147483647;
			files = (
				652E0C3120255F6100F0D8CE /* LaunchScreen.storyboard in Resources */,
				652E0C2E20255F6100F0D8CE /* Assets.xcassets in Resources */,
				652E0C2C20255F6100F0D8CE /* Main.storyboard in Resources */,
			);
			runOnlyForDeploymentPostprocessing = 0;
		};
		652E0C3520255F6100F0D8CE /* Resources */ = {
			isa = PBXResourcesBuildPhase;
			buildActionMask = 2147483647;
			files = (
			);
			runOnlyForDeploymentPostprocessing = 0;
		};
/* End PBXResourcesBuildPhase section */

/* Begin PBXSourcesBuildPhase section */
		652E0C1F20255F6000F0D8CE /* Sources */ = {
			isa = PBXSourcesBuildPhase;
			buildActionMask = 2147483647;
			files = (
				652E0C4B2025AB7E00F0D8CE /* Meal.swift in Sources */,
				652E0C2920255F6000F0D8CE /* ViewController.swift in Sources */,
				652E0C49202598A700F0D8CE /* RatingControl.swift in Sources */,
				652E0C2720255F6000F0D8CE /* AppDelegate.swift in Sources */,
			);
			runOnlyForDeploymentPostprocessing = 0;
		};
		652E0C3320255F6100F0D8CE /* Sources */ = {
			isa = PBXSourcesBuildPhase;
			buildActionMask = 2147483647;
			files = (
				652E0C4D2025AC7C00F0D8CE /* MealTests.swift in Sources */,
				652E0C3C20255F6100F0D8CE /* FoodTrackerTests.swift in Sources */,
			);
			runOnlyForDeploymentPostprocessing = 0;
		};
/* End PBXSourcesBuildPhase section */

/* Begin PBXTargetDependency section */
		652E0C3920255F6100F0D8CE /* PBXTargetDependency */ = {
			isa = PBXTargetDependency;
			target = 652E0C2220255F6000F0D8CE /* FoodTracker */;
			targetProxy = 652E0C3820255F6100F0D8CE /* PBXContainerItemProxy */;
		};
/* End PBXTargetDependency section */

/* Begin PBXVariantGroup section */
		652E0C2A20255F6100F0D8CE /* Main.storyboard */ = {
			isa = PBXVariantGroup;
			children = (
				652E0C2B20255F6100F0D8CE /* Base */,
			);
			name = Main.storyboard;
			sourceTree = "<group>";
		};
		652E0C2F20255F6100F0D8CE /* LaunchScreen.storyboard */ = {
			isa = PBXVariantGroup;
			children = (
				652E0C3020255F6100F0D8CE /* Base */,
			);
			name = LaunchScreen.storyboard;
			sourceTree = "<group>";
		};
/* End PBXVariantGroup section */

/* Begin XCBuildConfiguration section */
		652E0C3E20255F6100F0D8CE /* Debug */ = {
			isa = XCBuildConfiguration;
			buildSettings = {
				ALWAYS_SEARCH_USER_PATHS = NO;
				CLANG_ANALYZER_NONNULL = YES;
				CLANG_ANALYZER_NUMBER_OBJECT_CONVERSION = YES_AGGRESSIVE;
				CLANG_CXX_LANGUAGE_STANDARD = "gnu++14";
				CLANG_CXX_LIBRARY = "libc++";
				CLANG_ENABLE_MODULES = YES;
				CLANG_ENABLE_OBJC_ARC = YES;
				CLANG_WARN_BLOCK_CAPTURE_AUTORELEASING = YES;
				CLANG_WARN_BOOL_CONVERSION = YES;
				CLANG_WARN_COMMA = YES;
				CLANG_WARN_CONSTANT_CONVERSION = YES;
				CLANG_WARN_DIRECT_OBJC_ISA_USAGE = YES_ERROR;
				CLANG_WARN_DOCUMENTATION_COMMENTS = YES;
				CLANG_WARN_EMPTY_BODY = YES;
				CLANG_WARN_ENUM_CONVERSION = YES;
				CLANG_WARN_INFINITE_RECURSION = YES;
				CLANG_WARN_INT_CONVERSION = YES;
				CLANG_WARN_NON_LITERAL_NULL_CONVERSION = YES;
				CLANG_WARN_OBJC_LITERAL_CONVERSION = YES;
				CLANG_WARN_OBJC_ROOT_CLASS = YES_ERROR;
				CLANG_WARN_RANGE_LOOP_ANALYSIS = YES;
				CLANG_WARN_STRICT_PROTOTYPES = YES;
				CLANG_WARN_SUSPICIOUS_MOVE = YES;
				CLANG_WARN_UNGUARDED_AVAILABILITY = YES_AGGRESSIVE;
				CLANG_WARN_UNREACHABLE_CODE = YES;
				CLANG_WARN__DUPLICATE_METHOD_MATCH = YES;
				CODE_SIGN_IDENTITY = "iPhone Developer";
				COPY_PHASE_STRIP = NO;
				DEBUG_INFORMATION_FORMAT = dwarf;
				ENABLE_STRICT_OBJC_MSGSEND = YES;
				ENABLE_TESTABILITY = YES;
				GCC_C_LANGUAGE_STANDARD = gnu11;
				GCC_DYNAMIC_NO_PIC = NO;
				GCC_NO_COMMON_BLOCKS = YES;
				GCC_OPTIMIZATION_LEVEL = 0;
				GCC_PREPROCESSOR_DEFINITIONS = (
					"DEBUG=1",
					"$(inherited)",
				);
				GCC_WARN_64_TO_32_BIT_CONVERSION = YES;
				GCC_WARN_ABOUT_RETURN_TYPE = YES_ERROR;
				GCC_WARN_UNDECLARED_SELECTOR = YES;
				GCC_WARN_UNINITIALIZED_AUTOS = YES_AGGRESSIVE;
				GCC_WARN_UNUSED_FUNCTION = YES;
				GCC_WARN_UNUSED_VARIABLE = YES;
				IPHONEOS_DEPLOYMENT_TARGET = 11.2;
				MTL_ENABLE_DEBUG_INFO = YES;
				ONLY_ACTIVE_ARCH = YES;
				SDKROOT = iphoneos;
				SWIFT_ACTIVE_COMPILATION_CONDITIONS = DEBUG;
				SWIFT_OPTIMIZATION_LEVEL = "-Onone";
			};
			name = Debug;
		};
		652E0C3F20255F6100F0D8CE /* Release */ = {
			isa = XCBuildConfiguration;
			buildSettings = {
				ALWAYS_SEARCH_USER_PATHS = NO;
				CLANG_ANALYZER_NONNULL = YES;
				CLANG_ANALYZER_NUMBER_OBJECT_CONVERSION = YES_AGGRESSIVE;
				CLANG_CXX_LANGUAGE_STANDARD = "gnu++14";
				CLANG_CXX_LIBRARY = "libc++";
				CLANG_ENABLE_MODULES = YES;
				CLANG_ENABLE_OBJC_ARC = YES;
				CLANG_WARN_BLOCK_CAPTURE_AUTORELEASING = YES;
				CLANG_WARN_BOOL_CONVERSION = YES;
				CLANG_WARN_COMMA = YES;
				CLANG_WARN_CONSTANT_CONVERSION = YES;
				CLANG_WARN_DIRECT_OBJC_ISA_USAGE = YES_ERROR;
				CLANG_WARN_DOCUMENTATION_COMMENTS = YES;
				CLANG_WARN_EMPTY_BODY = YES;
				CLANG_WARN_ENUM_CONVERSION = YES;
				CLANG_WARN_INFINITE_RECURSION = YES;
				CLANG_WARN_INT_CONVERSION = YES;
				CLANG_WARN_NON_LITERAL_NULL_CONVERSION = YES;
				CLANG_WARN_OBJC_LITERAL_CONVERSION = YES;
				CLANG_WARN_OBJC_ROOT_CLASS = YES_ERROR;
				CLANG_WARN_RANGE_LOOP_ANALYSIS = YES;
				CLANG_WARN_STRICT_PROTOTYPES = YES;
				CLANG_WARN_SUSPICIOUS_MOVE = YES;
				CLANG_WARN_UNGUARDED_AVAILABILITY = YES_AGGRESSIVE;
				CLANG_WARN_UNREACHABLE_CODE = YES;
				CLANG_WARN__DUPLICATE_METHOD_MATCH = YES;
				CODE_SIGN_IDENTITY = "iPhone Developer";
				COPY_PHASE_STRIP = NO;
				DEBUG_INFORMATION_FORMAT = "dwarf-with-dsym";
				ENABLE_NS_ASSERTIONS = NO;
				ENABLE_STRICT_OBJC_MSGSEND = YES;
				GCC_C_LANGUAGE_STANDARD = gnu11;
				GCC_NO_COMMON_BLOCKS = YES;
				GCC_WARN_64_TO_32_BIT_CONVERSION = YES;
				GCC_WARN_ABOUT_RETURN_TYPE = YES_ERROR;
				GCC_WARN_UNDECLARED_SELECTOR = YES;
				GCC_WARN_UNINITIALIZED_AUTOS = YES_AGGRESSIVE;
				GCC_WARN_UNUSED_FUNCTION = YES;
				GCC_WARN_UNUSED_VARIABLE = YES;
				IPHONEOS_DEPLOYMENT_TARGET = 11.2;
				MTL_ENABLE_DEBUG_INFO = NO;
				SDKROOT = iphoneos;
				SWIFT_OPTIMIZATION_LEVEL = "-Owholemodule";
				VALIDATE_PRODUCT = YES;
			};
			name = Release;
		};
		652E0C4120255F6100F0D8CE /* Debug */ = {
			isa = XCBuildConfiguration;
			buildSettings = {
				ASSETCATALOG_COMPILER_APPICON_NAME = AppIcon;
				CODE_SIGN_STYLE = Automatic;
				DEVELOPMENT_TEAM = 4F3TR5RP66;
				INFOPLIST_FILE = FoodTracker/Info.plist;
				IPHONEOS_DEPLOYMENT_TARGET = 9.0;
				LD_RUNPATH_SEARCH_PATHS = "$(inherited) @executable_path/Frameworks";
				PRODUCT_BUNDLE_IDENTIFIER = me.ph9.FoodTracker;
				PRODUCT_NAME = "$(TARGET_NAME)";
				SWIFT_VERSION = 4.0;
				TARGETED_DEVICE_FAMILY = "1,2";
			};
			name = Debug;
		};
		652E0C4220255F6100F0D8CE /* Release */ = {
			isa = XCBuildConfiguration;
			buildSettings = {
				ASSETCATALOG_COMPILER_APPICON_NAME = AppIcon;
				CODE_SIGN_STYLE = Automatic;
				DEVELOPMENT_TEAM = 4F3TR5RP66;
				INFOPLIST_FILE = FoodTracker/Info.plist;
				IPHONEOS_DEPLOYMENT_TARGET = 9.0;
				LD_RUNPATH_SEARCH_PATHS = "$(inherited) @executable_path/Frameworks";
				PRODUCT_BUNDLE_IDENTIFIER = me.ph9.FoodTracker;
				PRODUCT_NAME = "$(TARGET_NAME)";
				SWIFT_VERSION = 4.0;
				TARGETED_DEVICE_FAMILY = "1,2";
			};
			name = Release;
		};
		652E0C4420255F6100F0D8CE /* Debug */ = {
			isa = XCBuildConfiguration;
			buildSettings = {
				ALWAYS_EMBED_SWIFT_STANDARD_LIBRARIES = YES;
				BUNDLE_LOADER = "$(TEST_HOST)";
				CODE_SIGN_STYLE = Automatic;
				INFOPLIST_FILE = FoodTrackerTests/Info.plist;
				LD_RUNPATH_SEARCH_PATHS = "$(inherited) @executable_path/Frameworks @loader_path/Frameworks";
				PRODUCT_BUNDLE_IDENTIFIER = me.ph9.FoodTrackerTests;
				PRODUCT_NAME = "$(TARGET_NAME)";
				SWIFT_VERSION = 4.0;
				TARGETED_DEVICE_FAMILY = "1,2";
				TEST_HOST = "$(BUILT_PRODUCTS_DIR)/FoodTracker.app/FoodTracker";
			};
			name = Debug;
		};
		652E0C4520255F6100F0D8CE /* Release */ = {
			isa = XCBuildConfiguration;
			buildSettings = {
				ALWAYS_EMBED_SWIFT_STANDARD_LIBRARIES = YES;
				BUNDLE_LOADER = "$(TEST_HOST)";
				CODE_SIGN_STYLE = Automatic;
				INFOPLIST_FILE = FoodTrackerTests/Info.plist;
				LD_RUNPATH_SEARCH_PATHS = "$(inherited) @executable_path/Frameworks @loader_path/Frameworks";
				PRODUCT_BUNDLE_IDENTIFIER = me.ph9.FoodTrackerTests;
				PRODUCT_NAME = "$(TARGET_NAME)";
				SWIFT_VERSION = 4.0;
				TARGETED_DEVICE_FAMILY = "1,2";
				TEST_HOST = "$(BUILT_PRODUCTS_DIR)/FoodTracker.app/FoodTracker";
			};
			name = Release;
		};
/* End XCBuildConfiguration section */

/* Begin XCConfigurationList section */
		652E0C1E20255F6000F0D8CE /* Build configuration list for PBXProject "FoodTracker" */ = {
			isa = XCConfigurationList;
			buildConfigurations = (
				652E0C3E20255F6100F0D8CE /* Debug */,
				652E0C3F20255F6100F0D8CE /* Release */,
			);
			defaultConfigurationIsVisible = 0;
			defaultConfigurationName = Release;
		};
		652E0C4020255F6100F0D8CE /* Build configuration list for PBXNativeTarget "FoodTracker" */ = {
			isa = XCConfigurationList;
			buildConfigurations = (
				652E0C4120255F6100F0D8CE /* Debug */,
				652E0C4220255F6100F0D8CE /* Release */,
			);
			defaultConfigurationIsVisible = 0;
			defaultConfigurationName = Release;
		};
		652E0C4320255F6100F0D8CE /* Build configuration list for PBXNativeTarget "FoodTrackerTests" */ = {
			isa = XCConfigurationList;
			buildConfigurations = (
				652E0C4420255F6100F0D8CE /* Debug */,
				652E0C4520255F6100F0D8CE /* Release */,
			);
			defaultConfigurationIsVisible = 0;
			defaultConfigurationName = Release;
		};
/* End XCConfigurationList section */
	};
	rootObject = 652E0C1B20255F6000F0D8CE /* Project object */;
}
